
Microsoft Visual Studio Solution File, Format Version 12.00
# Visual Studio Version 17
VisualStudioVersion = 17.14.36804.6 d17.14
MinimumVisualStudioVersion = 10.0.40219.1
Project("{FAE04EC0-301F-11D3-BF4B-00C04F79EFBC}") = "ChessLogic", "ChessLogic\ChessLogic.csproj", "{D2FECDFF-C368-4C8A-98B6-FB43C6796300}"
EndProject
Project("{FAE04EC0-301F-11D3-BF4B-00C04F79EFBC}") = "Chess", "Chess\Chess.csproj", "{B7FC2909-60CE-42E1-A561-59FB6FABFA82}"
EndProject
Global
	GlobalSection(SolutionConfigurationPlatforms) = preSolution
		Debug|Any CPU = Debug|Any CPU
		Release|Any CPU = Release|Any CPU
	EndGlobalSection
	GlobalSection(ProjectConfigurationPlatforms) = postSolution
		{D2FECDFF-C368-4C8A-98B6-FB43C6796300}.Debug|Any CPU.ActiveCfg = Debug|Any CPU
		{D2FECDFF-C368-4C8A-98B6-FB43C6796300}.Debug|Any CPU.Build.0 = Debug|Any CPU
		{D2FECDFF-C368-4C8A-98B6-FB43C6796300}.Release|Any CPU.ActiveCfg = Release|Any CPU
		{D2FECDFF-C368-4C8A-98B6-FB43C6796300}.Release|Any CPU.Build.0 = Release|Any CPU
		{B7FC2909-60CE-42E1-A561-59FB6FABFA82}.Debug|Any CPU.ActiveCfg = Debug|Any CPU
		{B7FC2909-60CE-42E1-A561-59FB6FABFA82}.Debug|Any CPU.Build.0 = Debug|Any CPU
		{B7FC2909-60CE-42E1-A561-59FB6FABFA82}.Release|Any CPU.ActiveCfg = Release|Any CPU
		{B7FC2909-60CE-42E1-A561-59FB6FABFA82}.Release|Any CPU.Build.0 = Release|Any CPU
	EndGlobalSection
	GlobalSection(SolutionProperties) = preSolution
		HideSolutionNode = FALSE
	EndGlobalSection
	GlobalSection(ExtensibilityGlobals) = postSolution
		SolutionGuid = {920FC4F8-7E1A-4F43-BC8A-F9A950A28607}
	EndGlobalSection
EndGlobal
